{
  "requires": true,
  "lockfileVersion": 1,
  "dependencies": {
    "@angular/cdk": {
      "version": "8.2.3",
      "resolved": "https://registry.npmjs.org/@angular/cdk/-/cdk-8.2.3.tgz",
      "integrity": "sha512-ZwO5Sn720RA2YvBqud0JAHkZXjmjxM0yNzCO8RVtRE9i8Gl26Wk0j0nQeJkVm4zwv2QO8MwbKUKGTMt8evsokA==",
      "requires": {
        "parse5": "^5.0.0",
        "tslib": "^1.7.1"
      }
    },
    "@angular/material": {
      "version": "8.2.3",
      "resolved": "https://registry.npmjs.org/@angular/material/-/material-8.2.3.tgz",
      "integrity": "sha512-SOczkIaqes+r+9XF/UUiokidfFKBpHkOPIaFK857sFD0FBNPvPEpOr5oHKCG3feERRwAFqHS7Wo2ohVEWypb5A==",
      "requires": {
        "tslib": "^1.7.1"
      }
    },
    "ng-chat": {
      "version": "2.0.5",
      "resolved": "https://registry.npmjs.org/ng-chat/-/ng-chat-2.0.5.tgz",
      "integrity": "sha512-5nm24Zd70Lhyr0PUVtLFq0V6puYGc2BLkKlyY1guc3vkt7xQuNMOEyEX+XVAE8ffPeg+ypiCPC7p+NOrtcLgRw==",
      "requires": {
        "tslib": "^1.9.0"
      }
    },
    "ngx-spinner": {
      "version": "8.0.3",
      "resolved": "https://registry.npmjs.org/ngx-spinner/-/ngx-spinner-8.0.3.tgz",
      "integrity": "sha512-2yiNDqY8jMSjRgYZEb6ubeOpvE2vzRndoPXj0FRINVjfuBioy501t+VwA99SKNbSHwVDa2plEuY7X3o4dbG1cQ==",
      "requires": {
        "tslib": "^1.9.0"
      }
    },
    "ngx-toastr": {
      "version": "11.2.1",
      "resolved": "https://registry.npmjs.org/ngx-toastr/-/ngx-toastr-11.2.1.tgz",
      "integrity": "sha512-qLZA+h1lIGLQ1HAJpx5JJ8i87PAZPAN6MnexmrWipSONqrK4fRh+nUKIxqmcckIiD16dgu2O5SNloSJymTKUAw==",
      "requires": {
        "tslib": "^1.9.0"
      }
    },
    "parse5": {
      "version": "5.1.1",
      "resolved": "https://registry.npmjs.org/parse5/-/parse5-5.1.1.tgz",
      "integrity": "sha512-ugq4DFI0Ptb+WWjAdOK16+u/nHfiIrcE+sh8kZMaM0WllQKLI9rOUq6c2b7cwPkXdzfQESqvoqK6ug7U/Yyzug=="
    },
    "tslib": {
      "version": "1.10.0",
      "resolved": "https://registry.npmjs.org/tslib/-/tslib-1.10.0.tgz",
      "integrity": "sha512-qOebF53frne81cf0S9B41ByenJ3/IuH8yJKngAX35CmiZySA0khhkovshKK+jGCaMnVomla7gVlIcc3EvKPbTQ=="
    }
  }
}
